// !$*UTF8*$!
{
	archiveVersion = 1;
	classes = {
	};
	objectVersion = 46;
	objects = {

/* Begin PBXBuildFile section */
		764352371F680EE400D39AFD /* Constants.swift in Sources */ = {isa = PBXBuildFile; fileRef = 764352361F680EE400D39AFD /* Constants.swift */; };
		764352391F68114C00D39AFD /* CurrentWeather.swift in Sources */ = {isa = PBXBuildFile; fileRef = 764352381F68114C00D39AFD /* CurrentWeather.swift */; };
		767407401F6ABD1200DCFAE4 /* ForecastDay.swift in Sources */ = {isa = PBXBuildFile; fileRef = 7674073F1F6ABD1200DCFAE4 /* ForecastDay.swift */; };
		767407421F6B1A4600DCFAE4 /* WeatherCell.swift in Sources */ = {isa = PBXBuildFile; fileRef = 767407411F6B1A4600DCFAE4 /* WeatherCell.swift */; };
		767407441F6BF05100DCFAE4 /* Location.swift in Sources */ = {isa = PBXBuildFile; fileRef = 767407431F6BF05100DCFAE4 /* Location.swift */; };
		76E401C81F65DC1800E7FCA0 /* AppDelegate.swift in Sources */ = {isa = PBXBuildFile; fileRef = 76E401C71F65DC1800E7FCA0 /* AppDelegate.swift */; };
		76E401CA1F65DC1800E7FCA0 /* WeatherViewController.swift in Sources */ = {isa = PBXBuildFile; fileRef = 76E401C91F65DC1800E7FCA0 /* WeatherViewController.swift */; };
		76E401CD1F65DC1800E7FCA0 /* Main.storyboard in Resources */ = {isa = PBXBuildFile; fileRef = 76E401CB1F65DC1800E7FCA0 /* Main.storyboard */; };
		76E401CF1F65DC1800E7FCA0 /* Assets.xcassets in Resources */ = {isa = PBXBuildFile; fileRef = 76E401CE1F65DC1800E7FCA0 /* Assets.xcassets */; };
		76E401D21F65DC1800E7FCA0 /* LaunchScreen.storyboard in Resources */ = {isa = PBXBuildFile; fileRef = 76E401D01F65DC1800E7FCA0 /* LaunchScreen.storyboard */; };
		76F8A9F51FBDABF200C9637D /* NetworkManager.swift in Sources */ = {isa = PBXBuildFile; fileRef = 76F8A9F41FBDABF200C9637D /* NetworkManager.swift */; };
		76F8A9F91FBDAFB600C9637D /* CurrentWeatherAPI.swift in Sources */ = {isa = PBXBuildFile; fileRef = 76F8A9F81FBDAFB600C9637D /* CurrentWeatherAPI.swift */; };
		76F8A9FB1FBDAFCA00C9637D /* ForecastAPI.swift in Sources */ = {isa = PBXBuildFile; fileRef = 76F8A9FA1FBDAFCA00C9637D /* ForecastAPI.swift */; };
		76F8AA001FBDB1C400C9637D /* Configuration.swift in Sources */ = {isa = PBXBuildFile; fileRef = 76F8A9FF1FBDB1C400C9637D /* Configuration.swift */; };
		76F8AA021FBDB1FD00C9637D /* Configuration.plist in Resources */ = {isa = PBXBuildFile; fileRef = 76F8AA011FBDB1FD00C9637D /* Configuration.plist */; };
		76F8AA051FBDB80C00C9637D /* Extensions.swift in Sources */ = {isa = PBXBuildFile; fileRef = 76F8AA041FBDB80C00C9637D /* Extensions.swift */; };
		76F8AA081FBDCAA000C9637D /* CurrentWeatherService.swift in Sources */ = {isa = PBXBuildFile; fileRef = 76F8AA071FBDCAA000C9637D /* CurrentWeatherService.swift */; };
		76F8AA0A1FBDCE5B00C9637D /* ForecastService.swift in Sources */ = {isa = PBXBuildFile; fileRef = 76F8AA091FBDCE5B00C9637D /* ForecastService.swift */; };
		76F8AA0C1FBEE5BB00C9637D /* ForecastDays.swift in Sources */ = {isa = PBXBuildFile; fileRef = 76F8AA0B1FBEE5BB00C9637D /* ForecastDays.swift */; };
		F50C60771116B2917397A4E6 /* Pods_RainyShinyCloudy.framework in Frameworks */ = {isa = PBXBuildFile; fileRef = 2F63D63A9A83427318D69910 /* Pods_RainyShinyCloudy.framework */; };
/* End PBXBuildFile section */

/* Begin PBXFileReference section */
		2F63D63A9A83427318D69910 /* Pods_RainyShinyCloudy.framework */ = {isa = PBXFileReference; explicitFileType = wrapper.framework; includeInIndex = 0; path = Pods_RainyShinyCloudy.framework; sourceTree = BUILT_PRODUCTS_DIR; };
		34478A26DCA9D14FA3F5E5B1 /* Pods-RainyShinyCloudyTests.release.xcconfig */ = {isa = PBXFileReference; includeInIndex = 1; lastKnownFileType = text.xcconfig; name = "Pods-RainyShinyCloudyTests.release.xcconfig"; path = "Pods/Target Support Files/Pods-RainyShinyCloudyTests/Pods-RainyShinyCloudyTests.release.xcconfig"; sourceTree = "<group>"; };
		37AB9D4361206684AAD8EF60 /* Pods-RainyShinyCloudy.debug.xcconfig */ = {isa = PBXFileReference; includeInIndex = 1; lastKnownFileType = text.xcconfig; name = "Pods-RainyShinyCloudy.debug.xcconfig"; path = "Pods/Target Support Files/Pods-RainyShinyCloudy/Pods-RainyShinyCloudy.debug.xcconfig"; sourceTree = "<group>"; };
		4DEA3F7F192808B4ADA9BBBF /* Pods-RainyShinyCloudy.release.xcconfig */ = {isa = PBXFileReference; includeInIndex = 1; lastKnownFileType = text.xcconfig; name = "Pods-RainyShinyCloudy.release.xcconfig"; path = "Pods/Target Support Files/Pods-RainyShinyCloudy/Pods-RainyShinyCloudy.release.xcconfig"; sourceTree = "<group>"; };
		764352361F680EE400D39AFD /* Constants.swift */ = {isa = PBXFileReference; fileEncoding = 4; lastKnownFileType = sourcecode.swift; path = Constants.swift; sourceTree = "<group>"; };
		764352381F68114C00D39AFD /* CurrentWeather.swift */ = {isa = PBXFileReference; fileEncoding = 4; lastKnownFileType = sourcecode.swift; path = CurrentWeather.swift; sourceTree = "<group>"; };
		7674073F1F6ABD1200DCFAE4 /* ForecastDay.swift */ = {isa = PBXFileReference; fileEncoding = 4; lastKnownFileType = sourcecode.swift; path = ForecastDay.swift; sourceTree = "<group>"; };
		767407411F6B1A4600DCFAE4 /* WeatherCell.swift */ = {isa = PBXFileReference; fileEncoding = 4; lastKnownFileType = sourcecode.swift; path = WeatherCell.swift; sourceTree = "<group>"; };
		767407431F6BF05100DCFAE4 /* Location.swift */ = {isa = PBXFileReference; fileEncoding = 4; lastKnownFileType = sourcecode.swift; path = Location.swift; sourceTree = "<group>"; };
		76E401C41F65DC1800E7FCA0 /* RainyShinyCloudy.app */ = {isa = PBXFileReference; explicitFileType = wrapper.application; includeInIndex = 0; path = RainyShinyCloudy.app; sourceTree = BUILT_PRODUCTS_DIR; };
		76E401C71F65DC1800E7FCA0 /* AppDelegate.swift */ = {isa = PBXFileReference; lastKnownFileType = sourcecode.swift; path = AppDelegate.swift; sourceTree = "<group>"; };
		76E401C91F65DC1800E7FCA0 /* WeatherViewController.swift */ = {isa = PBXFileReference; lastKnownFileType = sourcecode.swift; path = WeatherViewController.swift; sourceTree = "<group>"; };
		76E401CC1F65DC1800E7FCA0 /* Base */ = {isa = PBXFileReference; lastKnownFileType = file.storyboard; name = Base; path = Base.lproj/Main.storyboard; sourceTree = "<group>"; };
		76E401CE1F65DC1800E7FCA0 /* Assets.xcassets */ = {isa = PBXFileReference; lastKnownFileType = folder.assetcatalog; path = Assets.xcassets; sourceTree = "<group>"; };
		76E401D11F65DC1800E7FCA0 /* Base */ = {isa = PBXFileReference; lastKnownFileType = file.storyboard; name = Base; path = Base.lproj/LaunchScreen.storyboard; sourceTree = "<group>"; };
		76E401D31F65DC1800E7FCA0 /* Info.plist */ = {isa = PBXFileReference; lastKnownFileType = text.plist.xml; path = Info.plist; sourceTree = "<group>"; };
		76E401DC1F65DC1800E7FCA0 /* RainyShinyCloudyTests.swift */ = {isa = PBXFileReference; lastKnownFileType = sourcecode.swift; path = RainyShinyCloudyTests.swift; sourceTree = "<group>"; };
		76E401DE1F65DC1800E7FCA0 /* Info.plist */ = {isa = PBXFileReference; lastKnownFileType = text.plist.xml; path = Info.plist; sourceTree = "<group>"; };
		76E401E71F65DC1800E7FCA0 /* RainyShinyCloudyUITests.swift */ = {isa = PBXFileReference; lastKnownFileType = sourcecode.swift; path = RainyShinyCloudyUITests.swift; sourceTree = "<group>"; };
		76E401E91F65DC1800E7FCA0 /* Info.plist */ = {isa = PBXFileReference; lastKnownFileType = text.plist.xml; path = Info.plist; sourceTree = "<group>"; };
		76F8A9F41FBDABF200C9637D /* NetworkManager.swift */ = {isa = PBXFileReference; lastKnownFileType = sourcecode.swift; path = NetworkManager.swift; sourceTree = "<group>"; };
		76F8A9F81FBDAFB600C9637D /* CurrentWeatherAPI.swift */ = {isa = PBXFileReference; lastKnownFileType = sourcecode.swift; path = CurrentWeatherAPI.swift; sourceTree = "<group>"; };
		76F8A9FA1FBDAFCA00C9637D /* ForecastAPI.swift */ = {isa = PBXFileReference; lastKnownFileType = sourcecode.swift; path = ForecastAPI.swift; sourceTree = "<group>"; };
		76F8A9FF1FBDB1C400C9637D /* Configuration.swift */ = {isa = PBXFileReference; lastKnownFileType = sourcecode.swift; path = Configuration.swift; sourceTree = "<group>"; };
		76F8AA011FBDB1FD00C9637D /* Configuration.plist */ = {isa = PBXFileReference; lastKnownFileType = text.plist.xml; path = Configuration.plist; sourceTree = "<group>"; };
		76F8AA041FBDB80C00C9637D /* Extensions.swift */ = {isa = PBXFileReference; fileEncoding = 4; lastKnownFileType = sourcecode.swift; path = Extensions.swift; sourceTree = "<group>"; };
		76F8AA071FBDCAA000C9637D /* CurrentWeatherService.swift */ = {isa = PBXFileReference; lastKnownFileType = sourcecode.swift; path = CurrentWeatherService.swift; sourceTree = "<group>"; };
		76F8AA091FBDCE5B00C9637D /* ForecastService.swift */ = {isa = PBXFileReference; lastKnownFileType = sourcecode.swift; path = ForecastService.swift; sourceTree = "<group>"; };
		76F8AA0B1FBEE5BB00C9637D /* ForecastDays.swift */ = {isa = PBXFileReference; lastKnownFileType = sourcecode.swift; path = ForecastDays.swift; sourceTree = "<group>"; };
		8F0589263FC2280BD7C3CF4C /* Pods-RainyShinyCloudyUITests.release.xcconfig */ = {isa = PBXFileReference; includeInIndex = 1; lastKnownFileType = text.xcconfig; name = "Pods-RainyShinyCloudyUITests.release.xcconfig"; path = "Pods/Target Support Files/Pods-RainyShinyCloudyUITests/Pods-RainyShinyCloudyUITests.release.xcconfig"; sourceTree = "<group>"; };
		B63AF96B3A9068F759B8E4FB /* Pods_RainyShinyCloudyUITests.framework */ = {isa = PBXFileReference; explicitFileType = wrapper.framework; includeInIndex = 0; path = Pods_RainyShinyCloudyUITests.framework; sourceTree = BUILT_PRODUCTS_DIR; };
		C2F9E672D6AAF102224B5EF8 /* Pods-RainyShinyCloudyUITests.debug.xcconfig */ = {isa = PBXFileReference; includeInIndex = 1; lastKnownFileType = text.xcconfig; name = "Pods-RainyShinyCloudyUITests.debug.xcconfig"; path = "Pods/Target Support Files/Pods-RainyShinyCloudyUITests/Pods-RainyShinyCloudyUITests.debug.xcconfig"; sourceTree = "<group>"; };
		D38668B98628B5B4F963CD5E /* Pods-RainyShinyCloudyTests.debug.xcconfig */ = {isa = PBXFileReference; includeInIndex = 1; lastKnownFileType = text.xcconfig; name = "Pods-RainyShinyCloudyTests.debug.xcconfig"; path = "Pods/Target Support Files/Pods-RainyShinyCloudyTests/Pods-RainyShinyCloudyTests.debug.xcconfig"; sourceTree = "<group>"; };
		F5C2C37AEC965D17E350FBAB /* Pods_RainyShinyCloudyTests.framework */ = {isa = PBXFileReference; explicitFileType = wrapper.framework; includeInIndex = 0; path = Pods_RainyShinyCloudyTests.framework; sourceTree = BUILT_PRODUCTS_DIR; };
/* End PBXFileReference section */

/* Begin PBXFrameworksBuildPhase section */
		76E401C11F65DC1800E7FCA0 /* Frameworks */ = {
			isa = PBXFrameworksBuildPhase;
			buildActionMask = 2147483647;
			files = (
				F50C60771116B2917397A4E6 /* Pods_RainyShinyCloudy.framework in Frameworks */,
			);
			runOnlyForDeploymentPostprocessing = 0;
		};
/* End PBXFrameworksBuildPhase section */

/* Begin PBXGroup section */
		0A18A4F36501F147089D97C9 /* Frameworks */ = {
			isa = PBXGroup;
			children = (
				2F63D63A9A83427318D69910 /* Pods_RainyShinyCloudy.framework */,
				F5C2C37AEC965D17E350FBAB /* Pods_RainyShinyCloudyTests.framework */,
				B63AF96B3A9068F759B8E4FB /* Pods_RainyShinyCloudyUITests.framework */,
			);
			name = Frameworks;
			sourceTree = "<group>";
		};
		76E401BB1F65DC1800E7FCA0 = {
			isa = PBXGroup;
			children = (
				76E401C61F65DC1800E7FCA0 /* RainyShinyCloudy */,
				76E401DB1F65DC1800E7FCA0 /* RainyShinyCloudyTests */,
				76E401E61F65DC1800E7FCA0 /* RainyShinyCloudyUITests */,
				76E401C51F65DC1800E7FCA0 /* Products */,
				C8B5C7791DD6F5D3DEA3F542 /* Pods */,
				0A18A4F36501F147089D97C9 /* Frameworks */,
			);
			sourceTree = "<group>";
		};
		76E401C51F65DC1800E7FCA0 /* Products */ = {
			isa = PBXGroup;
			children = (
				76E401C41F65DC1800E7FCA0 /* RainyShinyCloudy.app */,
			);
			name = Products;
			sourceTree = "<group>";
		};
		76E401C61F65DC1800E7FCA0 /* RainyShinyCloudy */ = {
			isa = PBXGroup;
			children = (
				764352361F680EE400D39AFD /* Constants.swift */,
				76E401D31F65DC1800E7FCA0 /* Info.plist */,
				76E401CB1F65DC1800E7FCA0 /* Main.storyboard */,
				76E401C91F65DC1800E7FCA0 /* WeatherViewController.swift */,
				76F8A9EC1FBDA9EE00C9637D /* Application Files */,
				76F8A9EE1FBDAA7E00C9637D /* Infrastructure */,
				76F8A9EB1FBDA9E300C9637D /* Models */,
			);
			path = RainyShinyCloudy;
			sourceTree = "<group>";
		};
		76E401DB1F65DC1800E7FCA0 /* RainyShinyCloudyTests */ = {
			isa = PBXGroup;
			children = (
				76E401DC1F65DC1800E7FCA0 /* RainyShinyCloudyTests.swift */,
				76E401DE1F65DC1800E7FCA0 /* Info.plist */,
			);
			path = RainyShinyCloudyTests;
			sourceTree = "<group>";
		};
		76E401E61F65DC1800E7FCA0 /* RainyShinyCloudyUITests */ = {
			isa = PBXGroup;
			children = (
				76E401E71F65DC1800E7FCA0 /* RainyShinyCloudyUITests.swift */,
				76E401E91F65DC1800E7FCA0 /* Info.plist */,
			);
			path = RainyShinyCloudyUITests;
			sourceTree = "<group>";
		};
		76F8A9EB1FBDA9E300C9637D /* Models */ = {
			isa = PBXGroup;
			children = (
				76F8AA061FBDBB9500C9637D /* Services */,
				76F8AA031FBDB7FE00C9637D /* Extension */,
				76F8A9FE1FBDB1B000C9637D /* Configuration */,
				76F8A9F11FBDAB8200C9637D /* Networking */,
				76F8A9ED1FBDAA2F00C9637D /* Entity */,
			);
			path = Models;
			sourceTree = "<group>";
		};
		76F8A9EC1FBDA9EE00C9637D /* Application Files */ = {
			isa = PBXGroup;
			children = (
				76E401CE1F65DC1800E7FCA0 /* Assets.xcassets */,
				76E401D01F65DC1800E7FCA0 /* LaunchScreen.storyboard */,
				76E401C71F65DC1800E7FCA0 /* AppDelegate.swift */,
			);
			path = "Application Files";
			sourceTree = "<group>";
		};
		76F8A9ED1FBDAA2F00C9637D /* Entity */ = {
			isa = PBXGroup;
			children = (
				764352381F68114C00D39AFD /* CurrentWeather.swift */,
				7674073F1F6ABD1200DCFAE4 /* ForecastDay.swift */,
				76F8AA0B1FBEE5BB00C9637D /* ForecastDays.swift */,
			);
			path = Entity;
			sourceTree = "<group>";
		};
		76F8A9EE1FBDAA7E00C9637D /* Infrastructure */ = {
			isa = PBXGroup;
			children = (
				76F8A9EF1FBDAA9000C9637D /* UI */,
			);
			path = Infrastructure;
			sourceTree = "<group>";
		};
		76F8A9EF1FBDAA9000C9637D /* UI */ = {
			isa = PBXGroup;
			children = (
				76F8A9F01FBDAA9600C9637D /* Views */,
			);
			path = UI;
			sourceTree = "<group>";
		};
		76F8A9F01FBDAA9600C9637D /* Views */ = {
			isa = PBXGroup;
			children = (
				767407411F6B1A4600DCFAE4 /* WeatherCell.swift */,
			);
			path = Views;
			sourceTree = "<group>";
		};
		76F8A9F11FBDAB8200C9637D /* Networking */ = {
			isa = PBXGroup;
			children = (
				76F8A9F41FBDABF200C9637D /* NetworkManager.swift */,
				76F8A9F81FBDAFB600C9637D /* CurrentWeatherAPI.swift */,
				76F8A9FA1FBDAFCA00C9637D /* ForecastAPI.swift */,
			);
			path = Networking;
			sourceTree = "<group>";
		};
		76F8A9FE1FBDB1B000C9637D /* Configuration */ = {
			isa = PBXGroup;
			children = (
				76F8A9FF1FBDB1C400C9637D /* Configuration.swift */,
				76F8AA011FBDB1FD00C9637D /* Configuration.plist */,
			);
			path = Configuration;
			sourceTree = "<group>";
		};
		76F8AA031FBDB7FE00C9637D /* Extension */ = {
			isa = PBXGroup;
			children = (
				76F8AA041FBDB80C00C9637D /* Extensions.swift */,
			);
			path = Extension;
			sourceTree = "<group>";
		};
		76F8AA061FBDBB9500C9637D /* Services */ = {
			isa = PBXGroup;
			children = (
				76F8AA071FBDCAA000C9637D /* CurrentWeatherService.swift */,
				76F8AA091FBDCE5B00C9637D /* ForecastService.swift */,
				767407431F6BF05100DCFAE4 /* Location.swift */,
			);
			path = Services;
			sourceTree = "<group>";
		};
		C8B5C7791DD6F5D3DEA3F542 /* Pods */ = {
			isa = PBXGroup;
			children = (
				37AB9D4361206684AAD8EF60 /* Pods-RainyShinyCloudy.debug.xcconfig */,
				4DEA3F7F192808B4ADA9BBBF /* Pods-RainyShinyCloudy.release.xcconfig */,
				D38668B98628B5B4F963CD5E /* Pods-RainyShinyCloudyTests.debug.xcconfig */,
				34478A26DCA9D14FA3F5E5B1 /* Pods-RainyShinyCloudyTests.release.xcconfig */,
				C2F9E672D6AAF102224B5EF8 /* Pods-RainyShinyCloudyUITests.debug.xcconfig */,
				8F0589263FC2280BD7C3CF4C /* Pods-RainyShinyCloudyUITests.release.xcconfig */,
			);
			name = Pods;
			sourceTree = "<group>";
		};
/* End PBXGroup section */

/* Begin PBXNativeTarget section */
		76E401C31F65DC1800E7FCA0 /* RainyShinyCloudy */ = {
			isa = PBXNativeTarget;
			buildConfigurationList = 76E401EC1F65DC1800E7FCA0 /* Build configuration list for PBXNativeTarget "RainyShinyCloudy" */;
			buildPhases = (
				4DC630DB944EB743AB70AC0B /* [CP] Check Pods Manifest.lock */,
				76E401C01F65DC1800E7FCA0 /* Sources */,
				76E401C11F65DC1800E7FCA0 /* Frameworks */,
				76E401C21F65DC1800E7FCA0 /* Resources */,
				317BE3B4557E00445E432FA6 /* [CP] Embed Pods Frameworks */,
				2EC3CF792C24D4A0192C3DA0 /* [CP] Copy Pods Resources */,
			);
			buildRules = (
			);
			dependencies = (
			);
			name = RainyShinyCloudy;
			productName = RainyShinyCloudy;
			productReference = 76E401C41F65DC1800E7FCA0 /* RainyShinyCloudy.app */;
			productType = "com.apple.product-type.application";
		};
/* End PBXNativeTarget section */

/* Begin PBXProject section */
		76E401BC1F65DC1800E7FCA0 /* Project object */ = {
			isa = PBXProject;
			attributes = {
				LastSwiftUpdateCheck = 0830;
				LastUpgradeCheck = 0910;
				ORGANIZATIONNAME = "Heitem OULED-LAGHRIYEB";
				TargetAttributes = {
					76E401C31F65DC1800E7FCA0 = {
						CreatedOnToolsVersion = 8.3.3;
						LastSwiftMigration = 0910;
						ProvisioningStyle = Automatic;
					};
				};
			};
			buildConfigurationList = 76E401BF1F65DC1800E7FCA0 /* Build configuration list for PBXProject "RainyShinyCloudy" */;
			compatibilityVersion = "Xcode 3.2";
			developmentRegion = English;
			hasScannedForEncodings = 0;
			knownRegions = (
				en,
				Base,
			);
			mainGroup = 76E401BB1F65DC1800E7FCA0;
			productRefGroup = 76E401C51F65DC1800E7FCA0 /* Products */;
			projectDirPath = "";
			projectRoot = "";
			targets = (
				76E401C31F65DC1800E7FCA0 /* RainyShinyCloudy */,
			);
		};
/* End PBXProject section */

/* Begin PBXResourcesBuildPhase section */
		76E401C21F65DC1800E7FCA0 /* Resources */ = {
			isa = PBXResourcesBuildPhase;
			buildActionMask = 2147483647;
			files = (
				76E401D21F65DC1800E7FCA0 /* LaunchScreen.storyboard in Resources */,
				76F8AA021FBDB1FD00C9637D /* Configuration.plist in Resources */,
				76E401CF1F65DC1800E7FCA0 /* Assets.xcassets in Resources */,
				76E401CD1F65DC1800E7FCA0 /* Main.storyboard in Resources */,
			);
			runOnlyForDeploymentPostprocessing = 0;
		};
/* End PBXResourcesBuildPhase section */

/* Begin PBXShellScriptBuildPhase section */
		2EC3CF792C24D4A0192C3DA0 /* [CP] Copy Pods Resources */ = {
			isa = PBXShellScriptBuildPhase;
			buildActionMask = 2147483647;
			files = (
			);
			inputPaths = (
			);
			name = "[CP] Copy Pods Resources";
			outputPaths = (
			);
			runOnlyForDeploymentPostprocessing = 0;
			shellPath = /bin/sh;
			shellScript = "\"${SRCROOT}/Pods/Target Support Files/Pods-RainyShinyCloudy/Pods-RainyShinyCloudy-resources.sh\"\n";
			showEnvVarsInLog = 0;
		};
		317BE3B4557E00445E432FA6 /* [CP] Embed Pods Frameworks */ = {
			isa = PBXShellScriptBuildPhase;
			buildActionMask = 2147483647;
			files = (
			);
			inputPaths = (
				"${SRCROOT}/Pods/Target Support Files/Pods-RainyShinyCloudy/Pods-RainyShinyCloudy-frameworks.sh",
				"${BUILT_PRODUCTS_DIR}/Alamofire/Alamofire.framework",
				"${BUILT_PRODUCTS_DIR}/Moya/Moya.framework",
				"${BUILT_PRODUCTS_DIR}/ObjectMapper/ObjectMapper.framework",
				"${BUILT_PRODUCTS_DIR}/PromiseKit/PromiseKit.framework",
				"${BUILT_PRODUCTS_DIR}/Result/Result.framework",
				"${BUILT_PRODUCTS_DIR}/SwiftyJSON/SwiftyJSON.framework",
			);
			name = "[CP] Embed Pods Frameworks";
			outputPaths = (
				"${TARGET_BUILD_DIR}/${FRAMEWORKS_FOLDER_PATH}/Alamofire.framework",
				"${TARGET_BUILD_DIR}/${FRAMEWORKS_FOLDER_PATH}/Moya.framework",
				"${TARGET_BUILD_DIR}/${FRAMEWORKS_FOLDER_PATH}/ObjectMapper.framework",
				"${TARGET_BUILD_DIR}/${FRAMEWORKS_FOLDER_PATH}/PromiseKit.framework",
				"${TARGET_BUILD_DIR}/${FRAMEWORKS_FOLDER_PATH}/Result.framework",
				"${TARGET_BUILD_DIR}/${FRAMEWORKS_FOLDER_PATH}/SwiftyJSON.framework",
			);
			runOnlyForDeploymentPostprocessing = 0;
			shellPath = /bin/sh;
			shellScript = "\"${SRCROOT}/Pods/Target Support Files/Pods-RainyShinyCloudy/Pods-RainyShinyCloudy-frameworks.sh\"\n";
			showEnvVarsInLog = 0;
		};
		4DC630DB944EB743AB70AC0B /* [CP] Check Pods Manifest.lock */ = {
			isa = PBXShellScriptBuildPhase;
			buildActionMask = 2147483647;
			files = (
			);
			inputPaths = (
				"${PODS_PODFILE_DIR_PATH}/Podfile.lock",
				"${PODS_ROOT}/Manifest.lock",
			);
			name = "[CP] Check Pods Manifest.lock";
			outputPaths = (
				"$(DERIVED_FILE_DIR)/Pods-RainyShinyCloudy-checkManifestLockResult.txt",
			);
			runOnlyForDeploymentPostprocessing = 0;
			shellPath = /bin/sh;
			shellScript = "diff \"${PODS_PODFILE_DIR_PATH}/Podfile.lock\" \"${PODS_ROOT}/Manifest.lock\" > /dev/null\nif [ $? != 0 ] ; then\n    # print error to STDERR\n    echo \"error: The sandbox is not in sync with the Podfile.lock. Run 'pod install' or update your CocoaPods installation.\" >&2\n    exit 1\nfi\n# This output is used by Xcode 'outputs' to avoid re-running this script phase.\necho \"SUCCESS\" > \"${SCRIPT_OUTPUT_FILE_0}\"\n";
			showEnvVarsInLog = 0;
		};
/* End PBXShellScriptBuildPhase section */

/* Begin PBXSourcesBuildPhase section */
		76E401C01F65DC1800E7FCA0 /* Sources */ = {
			isa = PBXSourcesBuildPhase;
			buildActionMask = 2147483647;
			files = (
				76E401CA1F65DC1800E7FCA0 /* WeatherViewController.swift in Sources */,
				76E401C81F65DC1800E7FCA0 /* AppDelegate.swift in Sources */,
				767407421F6B1A4600DCFAE4 /* WeatherCell.swift in Sources */,
				764352391F68114C00D39AFD /* CurrentWeather.swift in Sources */,
				76F8A9F51FBDABF200C9637D /* NetworkManager.swift in Sources */,
				76F8AA0C1FBEE5BB00C9637D /* ForecastDays.swift in Sources */,
				76F8AA001FBDB1C400C9637D /* Configuration.swift in Sources */,
				764352371F680EE400D39AFD /* Constants.swift in Sources */,
				76F8AA081FBDCAA000C9637D /* CurrentWeatherService.swift in Sources */,
				76F8AA051FBDB80C00C9637D /* Extensions.swift in Sources */,
				767407401F6ABD1200DCFAE4 /* ForecastDay.swift in Sources */,
				767407441F6BF05100DCFAE4 /* Location.swift in Sources */,
				76F8A9FB1FBDAFCA00C9637D /* ForecastAPI.swift in Sources */,
				76F8AA0A1FBDCE5B00C9637D /* ForecastService.swift in Sources */,
				76F8A9F91FBDAFB600C9637D /* CurrentWeatherAPI.swift in Sources */,
			);
			runOnlyForDeploymentPostprocessing = 0;
		};
/* End PBXSourcesBuildPhase section */

/* Begin PBXVariantGroup section */
		76E401CB1F65DC1800E7FCA0 /* Main.storyboard */ = {
			isa = PBXVariantGroup;
			children = (
				76E401CC1F65DC1800E7FCA0 /* Base */,
			);
			name = Main.storyboard;
			sourceTree = "<group>";
		};
		76E401D01F65DC1800E7FCA0 /* LaunchScreen.storyboard */ = {
			isa = PBXVariantGroup;
			children = (
				76E401D11F65DC1800E7FCA0 /* Base */,
			);
			name = LaunchScreen.storyboard;
			sourceTree = "<group>";
		};
/* End PBXVariantGroup section */

/* Begin XCBuildConfiguration section */
		76E401EA1F65DC1800E7FCA0 /* Debug */ = {
			isa = XCBuildConfiguration;
			buildSettings = {
				ALWAYS_SEARCH_USER_PATHS = NO;
				CLANG_ANALYZER_NONNULL = YES;
				CLANG_ANALYZER_NUMBER_OBJECT_CONVERSION = YES_AGGRESSIVE;
				CLANG_CXX_LANGUAGE_STANDARD = "gnu++0x";
				CLANG_CXX_LIBRARY = "libc++";
				CLANG_ENABLE_MODULES = YES;
				CLANG_ENABLE_OBJC_ARC = YES;
				CLANG_WARN_BLOCK_CAPTURE_AUTORELEASING = YES;
				CLANG_WARN_BOOL_CONVERSION = YES;
				CLANG_WARN_COMMA = YES;
				CLANG_WARN_CONSTANT_CONVERSION = YES;
				CLANG_WARN_DIRECT_OBJC_ISA_USAGE = YES_ERROR;
				CLANG_WARN_DOCUMENTATION_COMMENTS = YES;
				CLANG_WARN_EMPTY_BODY = YES;
				CLANG_WARN_ENUM_CONVERSION = YES;
				CLANG_WARN_INFINITE_RECURSION = YES;
				CLANG_WARN_INT_CONVERSION = YES;
				CLANG_WARN_NON_LITERAL_NULL_CONVERSION = YES;
				CLANG_WARN_OBJC_LITERAL_CONVERSION = YES;
				CLANG_WARN_OBJC_ROOT_CLASS = YES_ERROR;
				CLANG_WARN_RANGE_LOOP_ANALYSIS = YES;
				CLANG_WARN_STRICT_PROTOTYPES = YES;
				CLANG_WARN_SUSPICIOUS_MOVE = YES;
				CLANG_WARN_UNREACHABLE_CODE = YES;
				CLANG_WARN__DUPLICATE_METHOD_MATCH = YES;
				"CODE_SIGN_IDENTITY[sdk=iphoneos*]" = "iPhone Developer";
				COPY_PHASE_STRIP = NO;
				DEBUG_INFORMATION_FORMAT = dwarf;
				ENABLE_STRICT_OBJC_MSGSEND = YES;
				ENABLE_TESTABILITY = YES;
				GCC_C_LANGUAGE_STANDARD = gnu99;
				GCC_DYNAMIC_NO_PIC = NO;
				GCC_NO_COMMON_BLOCKS = YES;
				GCC_OPTIMIZATION_LEVEL = 0;
				GCC_PREPROCESSOR_DEFINITIONS = (
					"DEBUG=1",
					"$(inherited)",
				);
				GCC_WARN_64_TO_32_BIT_CONVERSION = YES;
				GCC_WARN_ABOUT_RETURN_TYPE = YES_ERROR;
				GCC_WARN_UNDECLARED_SELECTOR = YES;
				GCC_WARN_UNINITIALIZED_AUTOS = YES_AGGRESSIVE;
				GCC_WARN_UNUSED_FUNCTION = YES;
				GCC_WARN_UNUSED_VARIABLE = YES;
				IPHONEOS_DEPLOYMENT_TARGET = 11.1;
				MTL_ENABLE_DEBUG_INFO = YES;
				ONLY_ACTIVE_ARCH = YES;
				SDKROOT = iphoneos;
				SWIFT_ACTIVE_COMPILATION_CONDITIONS = DEBUG;
				SWIFT_OPTIMIZATION_LEVEL = "-Onone";
				TARGETED_DEVICE_FAMILY = "1,2";
			};
			name = Debug;
		};
		76E401EB1F65DC1800E7FCA0 /* Release */ = {
			isa = XCBuildConfiguration;
			buildSettings = {
				ALWAYS_SEARCH_USER_PATHS = NO;
				CLANG_ANALYZER_NONNULL = YES;
				CLANG_ANALYZER_NUMBER_OBJECT_CONVERSION = YES_AGGRESSIVE;
				CLANG_CXX_LANGUAGE_STANDARD = "gnu++0x";
				CLANG_CXX_LIBRARY = "libc++";
				CLANG_ENABLE_MODULES = YES;
				CLANG_ENABLE_OBJC_ARC = YES;
				CLANG_WARN_BLOCK_CAPTURE_AUTORELEASING = YES;
				CLANG_WARN_BOOL_CONVERSION = YES;
				CLANG_WARN_COMMA = YES;
				CLANG_WARN_CONSTANT_CONVERSION = YES;
				CLANG_WARN_DIRECT_OBJC_ISA_USAGE = YES_ERROR;
				CLANG_WARN_DOCUMENTATION_COMMENTS = YES;
				CLANG_WARN_EMPTY_BODY = YES;
				CLANG_WARN_ENUM_CONVERSION = YES;
				CLANG_WARN_INFINITE_RECURSION = YES;
				CLANG_WARN_INT_CONVERSION = YES;
				CLANG_WARN_NON_LITERAL_NULL_CONVERSION = YES;
				CLANG_WARN_OBJC_LITERAL_CONVERSION = YES;
				CLANG_WARN_OBJC_ROOT_CLASS = YES_ERROR;
				CLANG_WARN_RANGE_LOOP_ANALYSIS = YES;
				CLANG_WARN_STRICT_PROTOTYPES = YES;
				CLANG_WARN_SUSPICIOUS_MOVE = YES;
				CLANG_WARN_UNREACHABLE_CODE = YES;
				CLANG_WARN__DUPLICATE_METHOD_MATCH = YES;
				"CODE_SIGN_IDENTITY[sdk=iphoneos*]" = "iPhone Developer";
				COPY_PHASE_STRIP = NO;
				DEBUG_INFORMATION_FORMAT = "dwarf-with-dsym";
				ENABLE_NS_ASSERTIONS = NO;
				ENABLE_STRICT_OBJC_MSGSEND = YES;
				GCC_C_LANGUAGE_STANDARD = gnu99;
				GCC_NO_COMMON_BLOCKS = YES;
				GCC_WARN_64_TO_32_BIT_CONVERSION = YES;
				GCC_WARN_ABOUT_RETURN_TYPE = YES_ERROR;
				GCC_WARN_UNDECLARED_SELECTOR = YES;
				GCC_WARN_UNINITIALIZED_AUTOS = YES_AGGRESSIVE;
				GCC_WARN_UNUSED_FUNCTION = YES;
				GCC_WARN_UNUSED_VARIABLE = YES;
				IPHONEOS_DEPLOYMENT_TARGET = 11.1;
				MTL_ENABLE_DEBUG_INFO = NO;
				SDKROOT = iphoneos;
				SWIFT_OPTIMIZATION_LEVEL = "-Owholemodule";
				TARGETED_DEVICE_FAMILY = "1,2";
				VALIDATE_PRODUCT = YES;
			};
			name = Release;
		};
		76E401ED1F65DC1800E7FCA0 /* Debug */ = {
			isa = XCBuildConfiguration;
			baseConfigurationReference = 37AB9D4361206684AAD8EF60 /* Pods-RainyShinyCloudy.debug.xcconfig */;
			buildSettings = {
				ASSETCATALOG_COMPILER_APPICON_NAME = AppIcon;
				INFOPLIST_FILE = RainyShinyCloudy/Info.plist;
				LD_RUNPATH_SEARCH_PATHS = "$(inherited) @executable_path/Frameworks";
				PRODUCT_BUNDLE_IDENTIFIER = com.heitemol.RainyShinyCloudy;
				PRODUCT_NAME = "$(TARGET_NAME)";
				SWIFT_SWIFT3_OBJC_INFERENCE = On;
				SWIFT_VERSION = 4.0;
				TARGETED_DEVICE_FAMILY = 1;
			};
			name = Debug;
		};
		76E401EE1F65DC1800E7FCA0 /* Release */ = {
			isa = XCBuildConfiguration;
			baseConfigurationReference = 4DEA3F7F192808B4ADA9BBBF /* Pods-RainyShinyCloudy.release.xcconfig */;
			buildSettings = {
				ASSETCATALOG_COMPILER_APPICON_NAME = AppIcon;
				INFOPLIST_FILE = RainyShinyCloudy/Info.plist;
				LD_RUNPATH_SEARCH_PATHS = "$(inherited) @executable_path/Frameworks";
				PRODUCT_BUNDLE_IDENTIFIER = com.heitemol.RainyShinyCloudy;
				PRODUCT_NAME = "$(TARGET_NAME)";
				SWIFT_SWIFT3_OBJC_INFERENCE = On;
				SWIFT_VERSION = 4.0;
				TARGETED_DEVICE_FAMILY = 1;
			};
			name = Release;
		};
/* End XCBuildConfiguration section */

/* Begin XCConfigurationList section */
		76E401BF1F65DC1800E7FCA0 /* Build configuration list for PBXProject "RainyShinyCloudy" */ = {
			isa = XCConfigurationList;
			buildConfigurations = (
				76E401EA1F65DC1800E7FCA0 /* Debug */,
				76E401EB1F65DC1800E7FCA0 /* Release */,
			);
			defaultConfigurationIsVisible = 0;
			defaultConfigurationName = Release;
		};
		76E401EC1F65DC1800E7FCA0 /* Build configuration list for PBXNativeTarget "RainyShinyCloudy" */ = {
			isa = XCConfigurationList;
			buildConfigurations = (
				76E401ED1F65DC1800E7FCA0 /* Debug */,
				76E401EE1F65DC1800E7FCA0 /* Release */,
			);
			defaultConfigurationIsVisible = 0;
			defaultConfigurationName = Release;
		};
/* End XCConfigurationList section */
	};
	rootObject = 76E401BC1F65DC1800E7FCA0 /* Project object */;
}
