// !$*UTF8*$!
{
	archiveVersion = 1;
	classes = {
	};
	objectVersion = 46;
	objects = {

/* Begin PBXBuildFile section */
		0AE3F18667DF23EDBFB69DDA /* Pods_RainyShinyCloudyUITests.framework in Frameworks */ = {isa = PBXBuildFile; fileRef = B63AF96B3A9068F759B8E4FB /* Pods_RainyShinyCloudyUITests.framework */; };
		764352371F680EE400D39AFD /* Constants.swift in Sources */ = {isa = PBXBuildFile; fileRef = 764352361F680EE400D39AFD /* Constants.swift */; };
		764352391F68114C00D39AFD /* CurrentWeather.swift in Sources */ = {isa = PBXBuildFile; fileRef = 764352381F68114C00D39AFD /* CurrentWeather.swift */; };
		767407401F6ABD1200DCFAE4 /* Forecast.swift in Sources */ = {isa = PBXBuildFile; fileRef = 7674073F1F6ABD1200DCFAE4 /* Forecast.swift */; };
		767407421F6B1A4600DCFAE4 /* WeatherCell.swift in Sources */ = {isa = PBXBuildFile; fileRef = 767407411F6B1A4600DCFAE4 /* WeatherCell.swift */; };
		767407441F6BF05100DCFAE4 /* Location.swift in Sources */ = {isa = PBXBuildFile; fileRef = 767407431F6BF05100DCFAE4 /* Location.swift */; };
		76E401C81F65DC1800E7FCA0 /* AppDelegate.swift in Sources */ = {isa = PBXBuildFile; fileRef = 76E401C71F65DC1800E7FCA0 /* AppDelegate.swift */; };
		76E401CA1F65DC1800E7FCA0 /* WeatherVC.swift in Sources */ = {isa = PBXBuildFile; fileRef = 76E401C91F65DC1800E7FCA0 /* WeatherVC.swift */; };
		76E401CD1F65DC1800E7FCA0 /* Main.storyboard in Resources */ = {isa = PBXBuildFile; fileRef = 76E401CB1F65DC1800E7FCA0 /* Main.storyboard */; };
		76E401CF1F65DC1800E7FCA0 /* Assets.xcassets in Resources */ = {isa = PBXBuildFile; fileRef = 76E401CE1F65DC1800E7FCA0 /* Assets.xcassets */; };
		76E401D21F65DC1800E7FCA0 /* LaunchScreen.storyboard in Resources */ = {isa = PBXBuildFile; fileRef = 76E401D01F65DC1800E7FCA0 /* LaunchScreen.storyboard */; };
		76E401DD1F65DC1800E7FCA0 /* RainyShinyCloudyTests.swift in Sources */ = {isa = PBXBuildFile; fileRef = 76E401DC1F65DC1800E7FCA0 /* RainyShinyCloudyTests.swift */; };
		76E401E81F65DC1800E7FCA0 /* RainyShinyCloudyUITests.swift in Sources */ = {isa = PBXBuildFile; fileRef = 76E401E71F65DC1800E7FCA0 /* RainyShinyCloudyUITests.swift */; };
		CBEECA1E23EBA00773592A3E /* Pods_RainyShinyCloudyTests.framework in Frameworks */ = {isa = PBXBuildFile; fileRef = F5C2C37AEC965D17E350FBAB /* Pods_RainyShinyCloudyTests.framework */; };
		F50C60771116B2917397A4E6 /* Pods_RainyShinyCloudy.framework in Frameworks */ = {isa = PBXBuildFile; fileRef = 2F63D63A9A83427318D69910 /* Pods_RainyShinyCloudy.framework */; };
/* End PBXBuildFile section */

/* Begin PBXContainerItemProxy section */
		76E401D91F65DC1800E7FCA0 /* PBXContainerItemProxy */ = {
			isa = PBXContainerItemProxy;
			containerPortal = 76E401BC1F65DC1800E7FCA0 /* Project object */;
			proxyType = 1;
			remoteGlobalIDString = 76E401C31F65DC1800E7FCA0;
			remoteInfo = RainyShinyCloudy;
		};
		76E401E41F65DC1800E7FCA0 /* PBXContainerItemProxy */ = {
			isa = PBXContainerItemProxy;
			containerPortal = 76E401BC1F65DC1800E7FCA0 /* Project object */;
			proxyType = 1;
			remoteGlobalIDString = 76E401C31F65DC1800E7FCA0;
			remoteInfo = RainyShinyCloudy;
		};
/* End PBXContainerItemProxy section */

/* Begin PBXFileReference section */
		2F63D63A9A83427318D69910 /* Pods_RainyShinyCloudy.framework */ = {isa = PBXFileReference; explicitFileType = wrapper.framework; includeInIndex = 0; path = Pods_RainyShinyCloudy.framework; sourceTree = BUILT_PRODUCTS_DIR; };
		34478A26DCA9D14FA3F5E5B1 /* Pods-RainyShinyCloudyTests.release.xcconfig */ = {isa = PBXFileReference; includeInIndex = 1; lastKnownFileType = text.xcconfig; name = "Pods-RainyShinyCloudyTests.release.xcconfig"; path = "Pods/Target Support Files/Pods-RainyShinyCloudyTests/Pods-RainyShinyCloudyTests.release.xcconfig"; sourceTree = "<group>"; };
		37AB9D4361206684AAD8EF60 /* Pods-RainyShinyCloudy.debug.xcconfig */ = {isa = PBXFileReference; includeInIndex = 1; lastKnownFileType = text.xcconfig; name = "Pods-RainyShinyCloudy.debug.xcconfig"; path = "Pods/Target Support Files/Pods-RainyShinyCloudy/Pods-RainyShinyCloudy.debug.xcconfig"; sourceTree = "<group>"; };
		4DEA3F7F192808B4ADA9BBBF /* Pods-RainyShinyCloudy.release.xcconfig */ = {isa = PBXFileReference; includeInIndex = 1; lastKnownFileType = text.xcconfig; name = "Pods-RainyShinyCloudy.release.xcconfig"; path = "Pods/Target Support Files/Pods-RainyShinyCloudy/Pods-RainyShinyCloudy.release.xcconfig"; sourceTree = "<group>"; };
		764352361F680EE400D39AFD /* Constants.swift */ = {isa = PBXFileReference; fileEncoding = 4; lastKnownFileType = sourcecode.swift; path = Constants.swift; sourceTree = "<group>"; };
		764352381F68114C00D39AFD /* CurrentWeather.swift */ = {isa = PBXFileReference; fileEncoding = 4; lastKnownFileType = sourcecode.swift; path = CurrentWeather.swift; sourceTree = "<group>"; };
		7674073F1F6ABD1200DCFAE4 /* Forecast.swift */ = {isa = PBXFileReference; fileEncoding = 4; lastKnownFileType = sourcecode.swift; path = Forecast.swift; sourceTree = "<group>"; };
		767407411F6B1A4600DCFAE4 /* WeatherCell.swift */ = {isa = PBXFileReference; fileEncoding = 4; lastKnownFileType = sourcecode.swift; path = WeatherCell.swift; sourceTree = "<group>"; };
		767407431F6BF05100DCFAE4 /* Location.swift */ = {isa = PBXFileReference; fileEncoding = 4; lastKnownFileType = sourcecode.swift; path = Location.swift; sourceTree = "<group>"; };
		76E401C41F65DC1800E7FCA0 /* RainyShinyCloudy.app */ = {isa = PBXFileReference; explicitFileType = wrapper.application; includeInIndex = 0; path = RainyShinyCloudy.app; sourceTree = BUILT_PRODUCTS_DIR; };
		76E401C71F65DC1800E7FCA0 /* AppDelegate.swift */ = {isa = PBXFileReference; lastKnownFileType = sourcecode.swift; path = AppDelegate.swift; sourceTree = "<group>"; };
		76E401C91F65DC1800E7FCA0 /* WeatherVC.swift */ = {isa = PBXFileReference; lastKnownFileType = sourcecode.swift; path = WeatherVC.swift; sourceTree = "<group>"; };
		76E401CC1F65DC1800E7FCA0 /* Base */ = {isa = PBXFileReference; lastKnownFileType = file.storyboard; name = Base; path = Base.lproj/Main.storyboard; sourceTree = "<group>"; };
		76E401CE1F65DC1800E7FCA0 /* Assets.xcassets */ = {isa = PBXFileReference; lastKnownFileType = folder.assetcatalog; path = Assets.xcassets; sourceTree = "<group>"; };
		76E401D11F65DC1800E7FCA0 /* Base */ = {isa = PBXFileReference; lastKnownFileType = file.storyboard; name = Base; path = Base.lproj/LaunchScreen.storyboard; sourceTree = "<group>"; };
		76E401D31F65DC1800E7FCA0 /* Info.plist */ = {isa = PBXFileReference; lastKnownFileType = text.plist.xml; path = Info.plist; sourceTree = "<group>"; };
		76E401D81F65DC1800E7FCA0 /* RainyShinyCloudyTests.xctest */ = {isa = PBXFileReference; explicitFileType = wrapper.cfbundle; includeInIndex = 0; path = RainyShinyCloudyTests.xctest; sourceTree = BUILT_PRODUCTS_DIR; };
		76E401DC1F65DC1800E7FCA0 /* RainyShinyCloudyTests.swift */ = {isa = PBXFileReference; lastKnownFileType = sourcecode.swift; path = RainyShinyCloudyTests.swift; sourceTree = "<group>"; };
		76E401DE1F65DC1800E7FCA0 /* Info.plist */ = {isa = PBXFileReference; lastKnownFileType = text.plist.xml; path = Info.plist; sourceTree = "<group>"; };
		76E401E31F65DC1800E7FCA0 /* RainyShinyCloudyUITests.xctest */ = {isa = PBXFileReference; explicitFileType = wrapper.cfbundle; includeInIndex = 0; path = RainyShinyCloudyUITests.xctest; sourceTree = BUILT_PRODUCTS_DIR; };
		76E401E71F65DC1800E7FCA0 /* RainyShinyCloudyUITests.swift */ = {isa = PBXFileReference; lastKnownFileType = sourcecode.swift; path = RainyShinyCloudyUITests.swift; sourceTree = "<group>"; };
		76E401E91F65DC1800E7FCA0 /* Info.plist */ = {isa = PBXFileReference; lastKnownFileType = text.plist.xml; path = Info.plist; sourceTree = "<group>"; };
		8F0589263FC2280BD7C3CF4C /* Pods-RainyShinyCloudyUITests.release.xcconfig */ = {isa = PBXFileReference; includeInIndex = 1; lastKnownFileType = text.xcconfig; name = "Pods-RainyShinyCloudyUITests.release.xcconfig"; path = "Pods/Target Support Files/Pods-RainyShinyCloudyUITests/Pods-RainyShinyCloudyUITests.release.xcconfig"; sourceTree = "<group>"; };
		B63AF96B3A9068F759B8E4FB /* Pods_RainyShinyCloudyUITests.framework */ = {isa = PBXFileReference; explicitFileType = wrapper.framework; includeInIndex = 0; path = Pods_RainyShinyCloudyUITests.framework; sourceTree = BUILT_PRODUCTS_DIR; };
		C2F9E672D6AAF102224B5EF8 /* Pods-RainyShinyCloudyUITests.debug.xcconfig */ = {isa = PBXFileReference; includeInIndex = 1; lastKnownFileType = text.xcconfig; name = "Pods-RainyShinyCloudyUITests.debug.xcconfig"; path = "Pods/Target Support Files/Pods-RainyShinyCloudyUITests/Pods-RainyShinyCloudyUITests.debug.xcconfig"; sourceTree = "<group>"; };
		D38668B98628B5B4F963CD5E /* Pods-RainyShinyCloudyTests.debug.xcconfig */ = {isa = PBXFileReference; includeInIndex = 1; lastKnownFileType = text.xcconfig; name = "Pods-RainyShinyCloudyTests.debug.xcconfig"; path = "Pods/Target Support Files/Pods-RainyShinyCloudyTests/Pods-RainyShinyCloudyTests.debug.xcconfig"; sourceTree = "<group>"; };
		F5C2C37AEC965D17E350FBAB /* Pods_RainyShinyCloudyTests.framework */ = {isa = PBXFileReference; explicitFileType = wrapper.framework; includeInIndex = 0; path = Pods_RainyShinyCloudyTests.framework; sourceTree = BUILT_PRODUCTS_DIR; };
/* End PBXFileReference section */

/* Begin PBXFrameworksBuildPhase section */
		76E401C11F65DC1800E7FCA0 /* Frameworks */ = {
			isa = PBXFrameworksBuildPhase;
			buildActionMask = 2147483647;
			files = (
				F50C60771116B2917397A4E6 /* Pods_RainyShinyCloudy.framework in Frameworks */,
			);
			runOnlyForDeploymentPostprocessing = 0;
		};
		76E401D51F65DC1800E7FCA0 /* Frameworks */ = {
			isa = PBXFrameworksBuildPhase;
			buildActionMask = 2147483647;
			files = (
				CBEECA1E23EBA00773592A3E /* Pods_RainyShinyCloudyTests.framework in Frameworks */,
			);
			runOnlyForDeploymentPostprocessing = 0;
		};
		76E401E01F65DC1800E7FCA0 /* Frameworks */ = {
			isa = PBXFrameworksBuildPhase;
			buildActionMask = 2147483647;
			files = (
				0AE3F18667DF23EDBFB69DDA /* Pods_RainyShinyCloudyUITests.framework in Frameworks */,
			);
			runOnlyForDeploymentPostprocessing = 0;
		};
/* End PBXFrameworksBuildPhase section */

/* Begin PBXGroup section */
		0A18A4F36501F147089D97C9 /* Frameworks */ = {
			isa = PBXGroup;
			children = (
				2F63D63A9A83427318D69910 /* Pods_RainyShinyCloudy.framework */,
				F5C2C37AEC965D17E350FBAB /* Pods_RainyShinyCloudyTests.framework */,
				B63AF96B3A9068F759B8E4FB /* Pods_RainyShinyCloudyUITests.framework */,
			);
			name = Frameworks;
			sourceTree = "<group>";
		};
		76E401BB1F65DC1800E7FCA0 = {
			isa = PBXGroup;
			children = (
				76E401C61F65DC1800E7FCA0 /* RainyShinyCloudy */,
				76E401DB1F65DC1800E7FCA0 /* RainyShinyCloudyTests */,
				76E401E61F65DC1800E7FCA0 /* RainyShinyCloudyUITests */,
				76E401C51F65DC1800E7FCA0 /* Products */,
				C8B5C7791DD6F5D3DEA3F542 /* Pods */,
				0A18A4F36501F147089D97C9 /* Frameworks */,
			);
			sourceTree = "<group>";
		};
		76E401C51F65DC1800E7FCA0 /* Products */ = {
			isa = PBXGroup;
			children = (
				76E401C41F65DC1800E7FCA0 /* RainyShinyCloudy.app */,
				76E401D81F65DC1800E7FCA0 /* RainyShinyCloudyTests.xctest */,
				76E401E31F65DC1800E7FCA0 /* RainyShinyCloudyUITests.xctest */,
			);
			name = Products;
			sourceTree = "<group>";
		};
		76E401C61F65DC1800E7FCA0 /* RainyShinyCloudy */ = {
			isa = PBXGroup;
			children = (
				76E401C71F65DC1800E7FCA0 /* AppDelegate.swift */,
				76E401C91F65DC1800E7FCA0 /* WeatherVC.swift */,
				76E401CB1F65DC1800E7FCA0 /* Main.storyboard */,
				76E401CE1F65DC1800E7FCA0 /* Assets.xcassets */,
				76E401D01F65DC1800E7FCA0 /* LaunchScreen.storyboard */,
				76E401D31F65DC1800E7FCA0 /* Info.plist */,
				764352361F680EE400D39AFD /* Constants.swift */,
				764352381F68114C00D39AFD /* CurrentWeather.swift */,
				7674073F1F6ABD1200DCFAE4 /* Forecast.swift */,
				767407411F6B1A4600DCFAE4 /* WeatherCell.swift */,
				767407431F6BF05100DCFAE4 /* Location.swift */,
			);
			path = RainyShinyCloudy;
			sourceTree = "<group>";
		};
		76E401DB1F65DC1800E7FCA0 /* RainyShinyCloudyTests */ = {
			isa = PBXGroup;
			children = (
				76E401DC1F65DC1800E7FCA0 /* RainyShinyCloudyTests.swift */,
				76E401DE1F65DC1800E7FCA0 /* Info.plist */,
			);
			path = RainyShinyCloudyTests;
			sourceTree = "<group>";
		};
		76E401E61F65DC1800E7FCA0 /* RainyShinyCloudyUITests */ = {
			isa = PBXGroup;
			children = (
				76E401E71F65DC1800E7FCA0 /* RainyShinyCloudyUITests.swift */,
				76E401E91F65DC1800E7FCA0 /* Info.plist */,
			);
			path = RainyShinyCloudyUITests;
			sourceTree = "<group>";
		};
		C8B5C7791DD6F5D3DEA3F542 /* Pods */ = {
			isa = PBXGroup;
			children = (
				37AB9D4361206684AAD8EF60 /* Pods-RainyShinyCloudy.debug.xcconfig */,
				4DEA3F7F192808B4ADA9BBBF /* Pods-RainyShinyCloudy.release.xcconfig */,
				D38668B98628B5B4F963CD5E /* Pods-RainyShinyCloudyTests.debug.xcconfig */,
				34478A26DCA9D14FA3F5E5B1 /* Pods-RainyShinyCloudyTests.release.xcconfig */,
				C2F9E672D6AAF102224B5EF8 /* Pods-RainyShinyCloudyUITests.debug.xcconfig */,
				8F0589263FC2280BD7C3CF4C /* Pods-RainyShinyCloudyUITests.release.xcconfig */,
			);
			name = Pods;
			sourceTree = "<group>";
		};
/* End PBXGroup section */

/* Begin PBXNativeTarget section */
		76E401C31F65DC1800E7FCA0 /* RainyShinyCloudy */ = {
			isa = PBXNativeTarget;
			buildConfigurationList = 76E401EC1F65DC1800E7FCA0 /* Build configuration list for PBXNativeTarget "RainyShinyCloudy" */;
			buildPhases = (
				4DC630DB944EB743AB70AC0B /* [CP] Check Pods Manifest.lock */,
				76E401C01F65DC1800E7FCA0 /* Sources */,
				76E401C11F65DC1800E7FCA0 /* Frameworks */,
				76E401C21F65DC1800E7FCA0 /* Resources */,
				317BE3B4557E00445E432FA6 /* [CP] Embed Pods Frameworks */,
				2EC3CF792C24D4A0192C3DA0 /* [CP] Copy Pods Resources */,
			);
			buildRules = (
			);
			dependencies = (
			);
			name = RainyShinyCloudy;
			productName = RainyShinyCloudy;
			productReference = 76E401C41F65DC1800E7FCA0 /* RainyShinyCloudy.app */;
			productType = "com.apple.product-type.application";
		};
		76E401D71F65DC1800E7FCA0 /* RainyShinyCloudyTests */ = {
			isa = PBXNativeTarget;
			buildConfigurationList = 76E401EF1F65DC1800E7FCA0 /* Build configuration list for PBXNativeTarget "RainyShinyCloudyTests" */;
			buildPhases = (
				92637C9E87B1C735BAB48D7C /* [CP] Check Pods Manifest.lock */,
				76E401D41F65DC1800E7FCA0 /* Sources */,
				76E401D51F65DC1800E7FCA0 /* Frameworks */,
				76E401D61F65DC1800E7FCA0 /* Resources */,
				9B2954322EBF81D529075BF1 /* [CP] Embed Pods Frameworks */,
				8F583E7530E64B755A0438EB /* [CP] Copy Pods Resources */,
			);
			buildRules = (
			);
			dependencies = (
				76E401DA1F65DC1800E7FCA0 /* PBXTargetDependency */,
			);
			name = RainyShinyCloudyTests;
			productName = RainyShinyCloudyTests;
			productReference = 76E401D81F65DC1800E7FCA0 /* RainyShinyCloudyTests.xctest */;
			productType = "com.apple.product-type.bundle.unit-test";
		};
		76E401E21F65DC1800E7FCA0 /* RainyShinyCloudyUITests */ = {
			isa = PBXNativeTarget;
			buildConfigurationList = 76E401F21F65DC1800E7FCA0 /* Build configuration list for PBXNativeTarget "RainyShinyCloudyUITests" */;
			buildPhases = (
				2A47C47F6EA07199D93905DD /* [CP] Check Pods Manifest.lock */,
				76E401DF1F65DC1800E7FCA0 /* Sources */,
				76E401E01F65DC1800E7FCA0 /* Frameworks */,
				76E401E11F65DC1800E7FCA0 /* Resources */,
				1973347E0A04656372DE72AC /* [CP] Embed Pods Frameworks */,
				9CB4D64E46E01F16E88C9CDA /* [CP] Copy Pods Resources */,
			);
			buildRules = (
			);
			dependencies = (
				76E401E51F65DC1800E7FCA0 /* PBXTargetDependency */,
			);
			name = RainyShinyCloudyUITests;
			productName = RainyShinyCloudyUITests;
			productReference = 76E401E31F65DC1800E7FCA0 /* RainyShinyCloudyUITests.xctest */;
			productType = "com.apple.product-type.bundle.ui-testing";
		};
/* End PBXNativeTarget section */

/* Begin PBXProject section */
		76E401BC1F65DC1800E7FCA0 /* Project object */ = {
			isa = PBXProject;
			attributes = {
				LastSwiftUpdateCheck = 0830;
				LastUpgradeCheck = 0830;
				ORGANIZATIONNAME = "Heitem OULED-LAGHRIYEB";
				TargetAttributes = {
					76E401C31F65DC1800E7FCA0 = {
						CreatedOnToolsVersion = 8.3.3;
						ProvisioningStyle = Automatic;
					};
					76E401D71F65DC1800E7FCA0 = {
						CreatedOnToolsVersion = 8.3.3;
						ProvisioningStyle = Automatic;
						TestTargetID = 76E401C31F65DC1800E7FCA0;
					};
					76E401E21F65DC1800E7FCA0 = {
						CreatedOnToolsVersion = 8.3.3;
						ProvisioningStyle = Automatic;
						TestTargetID = 76E401C31F65DC1800E7FCA0;
					};
				};
			};
			buildConfigurationList = 76E401BF1F65DC1800E7FCA0 /* Build configuration list for PBXProject "RainyShinyCloudy" */;
			compatibilityVersion = "Xcode 3.2";
			developmentRegion = English;
			hasScannedForEncodings = 0;
			knownRegions = (
				en,
				Base,
			);
			mainGroup = 76E401BB1F65DC1800E7FCA0;
			productRefGroup = 76E401C51F65DC1800E7FCA0 /* Products */;
			projectDirPath = "";
			projectRoot = "";
			targets = (
				76E401C31F65DC1800E7FCA0 /* RainyShinyCloudy */,
				76E401D71F65DC1800E7FCA0 /* RainyShinyCloudyTests */,
				76E401E21F65DC1800E7FCA0 /* RainyShinyCloudyUITests */,
			);
		};
/* End PBXProject section */

/* Begin PBXResourcesBuildPhase section */
		76E401C21F65DC1800E7FCA0 /* Resources */ = {
			isa = PBXResourcesBuildPhase;
			buildActionMask = 2147483647;
			files = (
				76E401D21F65DC1800E7FCA0 /* LaunchScreen.storyboard in Resources */,
				76E401CF1F65DC1800E7FCA0 /* Assets.xcassets in Resources */,
				76E401CD1F65DC1800E7FCA0 /* Main.storyboard in Resources */,
			);
			runOnlyForDeploymentPostprocessing = 0;
		};
		76E401D61F65DC1800E7FCA0 /* Resources */ = {
			isa = PBXResourcesBuildPhase;
			buildActionMask = 2147483647;
			files = (
			);
			runOnlyForDeploymentPostprocessing = 0;
		};
		76E401E11F65DC1800E7FCA0 /* Resources */ = {
			isa = PBXResourcesBuildPhase;
			buildActionMask = 2147483647;
			files = (
			);
			runOnlyForDeploymentPostprocessing = 0;
		};
/* End PBXResourcesBuildPhase section */

/* Begin PBXShellScriptBuildPhase section */
		1973347E0A04656372DE72AC /* [CP] Embed Pods Frameworks */ = {
			isa = PBXShellScriptBuildPhase;
			buildActionMask = 2147483647;
			files = (
			);
			inputPaths = (
			);
			name = "[CP] Embed Pods Frameworks";
			outputPaths = (
			);
			runOnlyForDeploymentPostprocessing = 0;
			shellPath = /bin/sh;
			shellScript = "\"${SRCROOT}/Pods/Target Support Files/Pods-RainyShinyCloudyUITests/Pods-RainyShinyCloudyUITests-frameworks.sh\"\n";
			showEnvVarsInLog = 0;
		};
		2A47C47F6EA07199D93905DD /* [CP] Check Pods Manifest.lock */ = {
			isa = PBXShellScriptBuildPhase;
			buildActionMask = 2147483647;
			files = (
			);
			inputPaths = (
				"${PODS_PODFILE_DIR_PATH}/Podfile.lock",
				"${PODS_ROOT}/Manifest.lock",
			);
			name = "[CP] Check Pods Manifest.lock";
			outputPaths = (
				"$(DERIVED_FILE_DIR)/Pods-RainyShinyCloudyUITests-checkManifestLockResult.txt",
			);
			runOnlyForDeploymentPostprocessing = 0;
			shellPath = /bin/sh;
			shellScript = "diff \"${PODS_PODFILE_DIR_PATH}/Podfile.lock\" \"${PODS_ROOT}/Manifest.lock\" > /dev/null\nif [ $? != 0 ] ; then\n    # print error to STDERR\n    echo \"error: The sandbox is not in sync with the Podfile.lock. Run 'pod install' or update your CocoaPods installation.\" >&2\n    exit 1\nfi\n# This output is used by Xcode 'outputs' to avoid re-running this script phase.\necho \"SUCCESS\" > \"${SCRIPT_OUTPUT_FILE_0}\"\n";
			showEnvVarsInLog = 0;
		};
		2EC3CF792C24D4A0192C3DA0 /* [CP] Copy Pods Resources */ = {
			isa = PBXShellScriptBuildPhase;
			buildActionMask = 2147483647;
			files = (
			);
			inputPaths = (
			);
			name = "[CP] Copy Pods Resources";
			outputPaths = (
			);
			runOnlyForDeploymentPostprocessing = 0;
			shellPath = /bin/sh;
			shellScript = "\"${SRCROOT}/Pods/Target Support Files/Pods-RainyShinyCloudy/Pods-RainyShinyCloudy-resources.sh\"\n";
			showEnvVarsInLog = 0;
		};
		317BE3B4557E00445E432FA6 /* [CP] Embed Pods Frameworks */ = {
			isa = PBXShellScriptBuildPhase;
			buildActionMask = 2147483647;
			files = (
			);
			inputPaths = (
				"${SRCROOT}/Pods/Target Support Files/Pods-RainyShinyCloudy/Pods-RainyShinyCloudy-frameworks.sh",
				"${BUILT_PRODUCTS_DIR}/Alamofire/Alamofire.framework",
			);
			name = "[CP] Embed Pods Frameworks";
			outputPaths = (
				"${TARGET_BUILD_DIR}/${FRAMEWORKS_FOLDER_PATH}/Alamofire.framework",
			);
			runOnlyForDeploymentPostprocessing = 0;
			shellPath = /bin/sh;
			shellScript = "\"${SRCROOT}/Pods/Target Support Files/Pods-RainyShinyCloudy/Pods-RainyShinyCloudy-frameworks.sh\"\n";
			showEnvVarsInLog = 0;
		};
		4DC630DB944EB743AB70AC0B /* [CP] Check Pods Manifest.lock */ = {
			isa = PBXShellScriptBuildPhase;
			buildActionMask = 2147483647;
			files = (
			);
			inputPaths = (
				"${PODS_PODFILE_DIR_PATH}/Podfile.lock",
				"${PODS_ROOT}/Manifest.lock",
			);
			name = "[CP] Check Pods Manifest.lock";
			outputPaths = (
				"$(DERIVED_FILE_DIR)/Pods-RainyShinyCloudy-checkManifestLockResult.txt",
			);
			runOnlyForDeploymentPostprocessing = 0;
			shellPath = /bin/sh;
			shellScript = "diff \"${PODS_PODFILE_DIR_PATH}/Podfile.lock\" \"${PODS_ROOT}/Manifest.lock\" > /dev/null\nif [ $? != 0 ] ; then\n    # print error to STDERR\n    echo \"error: The sandbox is not in sync with the Podfile.lock. Run 'pod install' or update your CocoaPods installation.\" >&2\n    exit 1\nfi\n# This output is used by Xcode 'outputs' to avoid re-running this script phase.\necho \"SUCCESS\" > \"${SCRIPT_OUTPUT_FILE_0}\"\n";
			showEnvVarsInLog = 0;
		};
		8F583E7530E64B755A0438EB /* [CP] Copy Pods Resources */ = {
			isa = PBXShellScriptBuildPhase;
			buildActionMask = 2147483647;
			files = (
			);
			inputPaths = (
			);
			name = "[CP] Copy Pods Resources";
			outputPaths = (
			);
			runOnlyForDeploymentPostprocessing = 0;
			shellPath = /bin/sh;
			shellScript = "\"${SRCROOT}/Pods/Target Support Files/Pods-RainyShinyCloudyTests/Pods-RainyShinyCloudyTests-resources.sh\"\n";
			showEnvVarsInLog = 0;
		};
		92637C9E87B1C735BAB48D7C /* [CP] Check Pods Manifest.lock */ = {
			isa = PBXShellScriptBuildPhase;
			buildActionMask = 2147483647;
			files = (
			);
			inputPaths = (
				"${PODS_PODFILE_DIR_PATH}/Podfile.lock",
				"${PODS_ROOT}/Manifest.lock",
			);
			name = "[CP] Check Pods Manifest.lock";
			outputPaths = (
				"$(DERIVED_FILE_DIR)/Pods-RainyShinyCloudyTests-checkManifestLockResult.txt",
			);
			runOnlyForDeploymentPostprocessing = 0;
			shellPath = /bin/sh;
			shellScript = "diff \"${PODS_PODFILE_DIR_PATH}/Podfile.lock\" \"${PODS_ROOT}/Manifest.lock\" > /dev/null\nif [ $? != 0 ] ; then\n    # print error to STDERR\n    echo \"error: The sandbox is not in sync with the Podfile.lock. Run 'pod install' or update your CocoaPods installation.\" >&2\n    exit 1\nfi\n# This output is used by Xcode 'outputs' to avoid re-running this script phase.\necho \"SUCCESS\" > \"${SCRIPT_OUTPUT_FILE_0}\"\n";
			showEnvVarsInLog = 0;
		};
		9B2954322EBF81D529075BF1 /* [CP] Embed Pods Frameworks */ = {
			isa = PBXShellScriptBuildPhase;
			buildActionMask = 2147483647;
			files = (
			);
			inputPaths = (
			);
			name = "[CP] Embed Pods Frameworks";
			outputPaths = (
			);
			runOnlyForDeploymentPostprocessing = 0;
			shellPath = /bin/sh;
			shellScript = "\"${SRCROOT}/Pods/Target Support Files/Pods-RainyShinyCloudyTests/Pods-RainyShinyCloudyTests-frameworks.sh\"\n";
			showEnvVarsInLog = 0;
		};
		9CB4D64E46E01F16E88C9CDA /* [CP] Copy Pods Resources */ = {
			isa = PBXShellScriptBuildPhase;
			buildActionMask = 2147483647;
			files = (
			);
			inputPaths = (
			);
			name = "[CP] Copy Pods Resources";
			outputPaths = (
			);
			runOnlyForDeploymentPostprocessing = 0;
			shellPath = /bin/sh;
			shellScript = "\"${SRCROOT}/Pods/Target Support Files/Pods-RainyShinyCloudyUITests/Pods-RainyShinyCloudyUITests-resources.sh\"\n";
			showEnvVarsInLog = 0;
		};
/* End PBXShellScriptBuildPhase section */

/* Begin PBXSourcesBuildPhase section */
		76E401C01F65DC1800E7FCA0 /* Sources */ = {
			isa = PBXSourcesBuildPhase;
			buildActionMask = 2147483647;
			files = (
				76E401CA1F65DC1800E7FCA0 /* WeatherVC.swift in Sources */,
				76E401C81F65DC1800E7FCA0 /* AppDelegate.swift in Sources */,
				767407421F6B1A4600DCFAE4 /* WeatherCell.swift in Sources */,
				764352391F68114C00D39AFD /* CurrentWeather.swift in Sources */,
				764352371F680EE400D39AFD /* Constants.swift in Sources */,
				767407401F6ABD1200DCFAE4 /* Forecast.swift in Sources */,
				767407441F6BF05100DCFAE4 /* Location.swift in Sources */,
			);
			runOnlyForDeploymentPostprocessing = 0;
		};
		76E401D41F65DC1800E7FCA0 /* Sources */ = {
			isa = PBXSourcesBuildPhase;
			buildActionMask = 2147483647;
			files = (
				76E401DD1F65DC1800E7FCA0 /* RainyShinyCloudyTests.swift in Sources */,
			);
			runOnlyForDeploymentPostprocessing = 0;
		};
		76E401DF1F65DC1800E7FCA0 /* Sources */ = {
			isa = PBXSourcesBuildPhase;
			buildActionMask = 2147483647;
			files = (
				76E401E81F65DC1800E7FCA0 /* RainyShinyCloudyUITests.swift in Sources */,
			);
			runOnlyForDeploymentPostprocessing = 0;
		};
/* End PBXSourcesBuildPhase section */

/* Begin PBXTargetDependency section */
		76E401DA1F65DC1800E7FCA0 /* PBXTargetDependency */ = {
			isa = PBXTargetDependency;
			target = 76E401C31F65DC1800E7FCA0 /* RainyShinyCloudy */;
			targetProxy = 76E401D91F65DC1800E7FCA0 /* PBXContainerItemProxy */;
		};
		76E401E51F65DC1800E7FCA0 /* PBXTargetDependency */ = {
			isa = PBXTargetDependency;
			target = 76E401C31F65DC1800E7FCA0 /* RainyShinyCloudy */;
			targetProxy = 76E401E41F65DC1800E7FCA0 /* PBXContainerItemProxy */;
		};
/* End PBXTargetDependency section */

/* Begin PBXVariantGroup section */
		76E401CB1F65DC1800E7FCA0 /* Main.storyboard */ = {
			isa = PBXVariantGroup;
			children = (
				76E401CC1F65DC1800E7FCA0 /* Base */,
			);
			name = Main.storyboard;
			sourceTree = "<group>";
		};
		76E401D01F65DC1800E7FCA0 /* LaunchScreen.storyboard */ = {
			isa = PBXVariantGroup;
			children = (
				76E401D11F65DC1800E7FCA0 /* Base */,
			);
			name = LaunchScreen.storyboard;
			sourceTree = "<group>";
		};
/* End PBXVariantGroup section */

/* Begin XCBuildConfiguration section */
		76E401EA1F65DC1800E7FCA0 /* Debug */ = {
			isa = XCBuildConfiguration;
			buildSettings = {
				ALWAYS_SEARCH_USER_PATHS = NO;
				CLANG_ANALYZER_NONNULL = YES;
				CLANG_ANALYZER_NUMBER_OBJECT_CONVERSION = YES_AGGRESSIVE;
				CLANG_CXX_LANGUAGE_STANDARD = "gnu++0x";
				CLANG_CXX_LIBRARY = "libc++";
				CLANG_ENABLE_MODULES = YES;
				CLANG_ENABLE_OBJC_ARC = YES;
				CLANG_WARN_BOOL_CONVERSION = YES;
				CLANG_WARN_CONSTANT_CONVERSION = YES;
				CLANG_WARN_DIRECT_OBJC_ISA_USAGE = YES_ERROR;
				CLANG_WARN_DOCUMENTATION_COMMENTS = YES;
				CLANG_WARN_EMPTY_BODY = YES;
				CLANG_WARN_ENUM_CONVERSION = YES;
				CLANG_WARN_INFINITE_RECURSION = YES;
				CLANG_WARN_INT_CONVERSION = YES;
				CLANG_WARN_OBJC_ROOT_CLASS = YES_ERROR;
				CLANG_WARN_SUSPICIOUS_MOVE = YES;
				CLANG_WARN_UNREACHABLE_CODE = YES;
				CLANG_WARN__DUPLICATE_METHOD_MATCH = YES;
				"CODE_SIGN_IDENTITY[sdk=iphoneos*]" = "iPhone Developer";
				COPY_PHASE_STRIP = NO;
				DEBUG_INFORMATION_FORMAT = dwarf;
				ENABLE_STRICT_OBJC_MSGSEND = YES;
				ENABLE_TESTABILITY = YES;
				GCC_C_LANGUAGE_STANDARD = gnu99;
				GCC_DYNAMIC_NO_PIC = NO;
				GCC_NO_COMMON_BLOCKS = YES;
				GCC_OPTIMIZATION_LEVEL = 0;
				GCC_PREPROCESSOR_DEFINITIONS = (
					"DEBUG=1",
					"$(inherited)",
				);
				GCC_WARN_64_TO_32_BIT_CONVERSION = YES;
				GCC_WARN_ABOUT_RETURN_TYPE = YES_ERROR;
				GCC_WARN_UNDECLARED_SELECTOR = YES;
				GCC_WARN_UNINITIALIZED_AUTOS = YES_AGGRESSIVE;
				GCC_WARN_UNUSED_FUNCTION = YES;
				GCC_WARN_UNUSED_VARIABLE = YES;
				IPHONEOS_DEPLOYMENT_TARGET = 10.3;
				MTL_ENABLE_DEBUG_INFO = YES;
				ONLY_ACTIVE_ARCH = YES;
				SDKROOT = iphoneos;
				SWIFT_ACTIVE_COMPILATION_CONDITIONS = DEBUG;
				SWIFT_OPTIMIZATION_LEVEL = "-Onone";
				TARGETED_DEVICE_FAMILY = "1,2";
			};
			name = Debug;
		};
		76E401EB1F65DC1800E7FCA0 /* Release */ = {
			isa = XCBuildConfiguration;
			buildSettings = {
				ALWAYS_SEARCH_USER_PATHS = NO;
				CLANG_ANALYZER_NONNULL = YES;
				CLANG_ANALYZER_NUMBER_OBJECT_CONVERSION = YES_AGGRESSIVE;
				CLANG_CXX_LANGUAGE_STANDARD = "gnu++0x";
				CLANG_CXX_LIBRARY = "libc++";
				CLANG_ENABLE_MODULES = YES;
				CLANG_ENABLE_OBJC_ARC = YES;
				CLANG_WARN_BOOL_CONVERSION = YES;
				CLANG_WARN_CONSTANT_CONVERSION = YES;
				CLANG_WARN_DIRECT_OBJC_ISA_USAGE = YES_ERROR;
				CLANG_WARN_DOCUMENTATION_COMMENTS = YES;
				CLANG_WARN_EMPTY_BODY = YES;
				CLANG_WARN_ENUM_CONVERSION = YES;
				CLANG_WARN_INFINITE_RECURSION = YES;
				CLANG_WARN_INT_CONVERSION = YES;
				CLANG_WARN_OBJC_ROOT_CLASS = YES_ERROR;
				CLANG_WARN_SUSPICIOUS_MOVE = YES;
				CLANG_WARN_UNREACHABLE_CODE = YES;
				CLANG_WARN__DUPLICATE_METHOD_MATCH = YES;
				"CODE_SIGN_IDENTITY[sdk=iphoneos*]" = "iPhone Developer";
				COPY_PHASE_STRIP = NO;
				DEBUG_INFORMATION_FORMAT = "dwarf-with-dsym";
				ENABLE_NS_ASSERTIONS = NO;
				ENABLE_STRICT_OBJC_MSGSEND = YES;
				GCC_C_LANGUAGE_STANDARD = gnu99;
				GCC_NO_COMMON_BLOCKS = YES;
				GCC_WARN_64_TO_32_BIT_CONVERSION = YES;
				GCC_WARN_ABOUT_RETURN_TYPE = YES_ERROR;
				GCC_WARN_UNDECLARED_SELECTOR = YES;
				GCC_WARN_UNINITIALIZED_AUTOS = YES_AGGRESSIVE;
				GCC_WARN_UNUSED_FUNCTION = YES;
				GCC_WARN_UNUSED_VARIABLE = YES;
				IPHONEOS_DEPLOYMENT_TARGET = 10.3;
				MTL_ENABLE_DEBUG_INFO = NO;
				SDKROOT = iphoneos;
				SWIFT_OPTIMIZATION_LEVEL = "-Owholemodule";
				TARGETED_DEVICE_FAMILY = "1,2";
				VALIDATE_PRODUCT = YES;
			};
			name = Release;
		};
		76E401ED1F65DC1800E7FCA0 /* Debug */ = {
			isa = XCBuildConfiguration;
			baseConfigurationReference = 37AB9D4361206684AAD8EF60 /* Pods-RainyShinyCloudy.debug.xcconfig */;
			buildSettings = {
				ASSETCATALOG_COMPILER_APPICON_NAME = AppIcon;
				INFOPLIST_FILE = RainyShinyCloudy/Info.plist;
				LD_RUNPATH_SEARCH_PATHS = "$(inherited) @executable_path/Frameworks";
				PRODUCT_BUNDLE_IDENTIFIER = com.heitemol.RainyShinyCloudy;
				PRODUCT_NAME = "$(TARGET_NAME)";
				SWIFT_VERSION = 3.0;
				TARGETED_DEVICE_FAMILY = 1;
			};
			name = Debug;
		};
		76E401EE1F65DC1800E7FCA0 /* Release */ = {
			isa = XCBuildConfiguration;
			baseConfigurationReference = 4DEA3F7F192808B4ADA9BBBF /* Pods-RainyShinyCloudy.release.xcconfig */;
			buildSettings = {
				ASSETCATALOG_COMPILER_APPICON_NAME = AppIcon;
				INFOPLIST_FILE = RainyShinyCloudy/Info.plist;
				LD_RUNPATH_SEARCH_PATHS = "$(inherited) @executable_path/Frameworks";
				PRODUCT_BUNDLE_IDENTIFIER = com.heitemol.RainyShinyCloudy;
				PRODUCT_NAME = "$(TARGET_NAME)";
				SWIFT_VERSION = 3.0;
				TARGETED_DEVICE_FAMILY = 1;
			};
			name = Release;
		};
		76E401F01F65DC1800E7FCA0 /* Debug */ = {
			isa = XCBuildConfiguration;
			baseConfigurationReference = D38668B98628B5B4F963CD5E /* Pods-RainyShinyCloudyTests.debug.xcconfig */;
			buildSettings = {
				ALWAYS_EMBED_SWIFT_STANDARD_LIBRARIES = YES;
				BUNDLE_LOADER = "$(TEST_HOST)";
				INFOPLIST_FILE = RainyShinyCloudyTests/Info.plist;
				LD_RUNPATH_SEARCH_PATHS = "$(inherited) @executable_path/Frameworks @loader_path/Frameworks";
				PRODUCT_BUNDLE_IDENTIFIER = com.heitemol.RainyShinyCloudyTests;
				PRODUCT_NAME = "$(TARGET_NAME)";
				SWIFT_VERSION = 3.0;
				TEST_HOST = "$(BUILT_PRODUCTS_DIR)/RainyShinyCloudy.app/RainyShinyCloudy";
			};
			name = Debug;
		};
		76E401F11F65DC1800E7FCA0 /* Release */ = {
			isa = XCBuildConfiguration;
			baseConfigurationReference = 34478A26DCA9D14FA3F5E5B1 /* Pods-RainyShinyCloudyTests.release.xcconfig */;
			buildSettings = {
				ALWAYS_EMBED_SWIFT_STANDARD_LIBRARIES = YES;
				BUNDLE_LOADER = "$(TEST_HOST)";
				INFOPLIST_FILE = RainyShinyCloudyTests/Info.plist;
				LD_RUNPATH_SEARCH_PATHS = "$(inherited) @executable_path/Frameworks @loader_path/Frameworks";
				PRODUCT_BUNDLE_IDENTIFIER = com.heitemol.RainyShinyCloudyTests;
				PRODUCT_NAME = "$(TARGET_NAME)";
				SWIFT_VERSION = 3.0;
				TEST_HOST = "$(BUILT_PRODUCTS_DIR)/RainyShinyCloudy.app/RainyShinyCloudy";
			};
			name = Release;
		};
		76E401F31F65DC1800E7FCA0 /* Debug */ = {
			isa = XCBuildConfiguration;
			baseConfigurationReference = C2F9E672D6AAF102224B5EF8 /* Pods-RainyShinyCloudyUITests.debug.xcconfig */;
			buildSettings = {
				ALWAYS_EMBED_SWIFT_STANDARD_LIBRARIES = YES;
				INFOPLIST_FILE = RainyShinyCloudyUITests/Info.plist;
				LD_RUNPATH_SEARCH_PATHS = "$(inherited) @executable_path/Frameworks @loader_path/Frameworks";
				PRODUCT_BUNDLE_IDENTIFIER = com.heitemol.RainyShinyCloudyUITests;
				PRODUCT_NAME = "$(TARGET_NAME)";
				SWIFT_VERSION = 3.0;
				TEST_TARGET_NAME = RainyShinyCloudy;
			};
			name = Debug;
		};
		76E401F41F65DC1800E7FCA0 /* Release */ = {
			isa = XCBuildConfiguration;
			baseConfigurationReference = 8F0589263FC2280BD7C3CF4C /* Pods-RainyShinyCloudyUITests.release.xcconfig */;
			buildSettings = {
				ALWAYS_EMBED_SWIFT_STANDARD_LIBRARIES = YES;
				INFOPLIST_FILE = RainyShinyCloudyUITests/Info.plist;
				LD_RUNPATH_SEARCH_PATHS = "$(inherited) @executable_path/Frameworks @loader_path/Frameworks";
				PRODUCT_BUNDLE_IDENTIFIER = com.heitemol.RainyShinyCloudyUITests;
				PRODUCT_NAME = "$(TARGET_NAME)";
				SWIFT_VERSION = 3.0;
				TEST_TARGET_NAME = RainyShinyCloudy;
			};
			name = Release;
		};
/* End XCBuildConfiguration section */

/* Begin XCConfigurationList section */
		76E401BF1F65DC1800E7FCA0 /* Build configuration list for PBXProject "RainyShinyCloudy" */ = {
			isa = XCConfigurationList;
			buildConfigurations = (
				76E401EA1F65DC1800E7FCA0 /* Debug */,
				76E401EB1F65DC1800E7FCA0 /* Release */,
			);
			defaultConfigurationIsVisible = 0;
			defaultConfigurationName = Release;
		};
		76E401EC1F65DC1800E7FCA0 /* Build configuration list for PBXNativeTarget "RainyShinyCloudy" */ = {
			isa = XCConfigurationList;
			buildConfigurations = (
				76E401ED1F65DC1800E7FCA0 /* Debug */,
				76E401EE1F65DC1800E7FCA0 /* Release */,
			);
			defaultConfigurationIsVisible = 0;
			defaultConfigurationName = Release;
		};
		76E401EF1F65DC1800E7FCA0 /* Build configuration list for PBXNativeTarget "RainyShinyCloudyTests" */ = {
			isa = XCConfigurationList;
			buildConfigurations = (
				76E401F01F65DC1800E7FCA0 /* Debug */,
				76E401F11F65DC1800E7FCA0 /* Release */,
			);
			defaultConfigurationIsVisible = 0;
			defaultConfigurationName = Release;
		};
		76E401F21F65DC1800E7FCA0 /* Build configuration list for PBXNativeTarget "RainyShinyCloudyUITests" */ = {
			isa = XCConfigurationList;
			buildConfigurations = (
				76E401F31F65DC1800E7FCA0 /* Debug */,
				76E401F41F65DC1800E7FCA0 /* Release */,
			);
			defaultConfigurationIsVisible = 0;
			defaultConfigurationName = Release;
		};
/* End XCConfigurationList section */
	};
	rootObject = 76E401BC1F65DC1800E7FCA0 /* Project object */;
}
